# This file is automatically @generated by Cargo.
# It is not intended for manual editing.
version = 4

[[package]]
name = "akatsuki-pp"
version = "1.1.2"
source = "git+https://github.com/osuAkatsuki/akatsuki-pp-rs#591de0db4948f2c504ca6e2ca3db442f09103ef1"
dependencies = [
 "rosu-map",
 "rosu-mods",
]

[[package]]
name = "rosu-map"
version = "0.2.0"
source = "registry+https://github.com/rust-lang/crates.io-index"
checksum = "21de4f8c5cd2738e1c9a2ed477aad2579dacd5acf3845d80738fcec160d0bd8a"

[[package]]
name = "rosu-mods"
version = "0.2.1"
source = "registry+https://github.com/rust-lang/crates.io-index"
checksum = "65892bec4e81b3931f3c0b3a646feff0daa78b22dff2b45b157c642f1be14b04"

[[package]]
name = "zigcho-pp"
version = "0.1.0"
dependencies = [
 "akatsuki-pp",
 "rosu-map",
]
